
Microsoft Visual Studio Solution File, Format Version 12.00
# Visual Studio Version 16
VisualStudioVersion = 16.0.31205.134
MinimumVisualStudioVersion = 10.0.40219.1
Project("{FAE04EC0-301F-11D3-BF4B-00C04F79EFBC}") = "ReactiveSampleInCSharp", "ReactiveSampleInCSharp\ReactiveSampleInCSharp.csproj", "{EAE2E7AE-EA84-4D2D-B328-833C819CCF8D}"
EndProject
Global
	GlobalSection(SolutionConfigurationPlatforms) = preSolution
		Debug|Any CPU = Debug|Any CPU
		Release|Any CPU = Release|Any CPU
	EndGlobalSection
	GlobalSection(ProjectConfigurationPlatforms) = postSolution
		{EAE2E7AE-EA84-4D2D-B328-833C819CCF8D}.Debug|Any CPU.ActiveCfg = Debug|Any CPU
		{EAE2E7AE-EA84-4D2D-B328-833C819CCF8D}.Debug|Any CPU.Build.0 = Debug|Any CPU
		{EAE2E7AE-EA84-4D2D-B328-833C819CCF8D}.Release|Any CPU.ActiveCfg = Release|Any CPU
		{EAE2E7AE-EA84-4D2D-B328-833C819CCF8D}.Release|Any CPU.Build.0 = Release|Any CPU
	EndGlobalSection
	GlobalSection(SolutionProperties) = preSolution
		HideSolutionNode = FALSE
	EndGlobalSection
	GlobalSection(ExtensibilityGlobals) = postSolution
		SolutionGuid = {1F47325D-D4DD-4DD2-A673-7B1DACD3A6A5}
	EndGlobalSection
EndGlobal
